// !$*UTF8*$!
{
	archiveVersion = 1;
	classes = {
	};
	objectVersion = 55;
	objects = {

/* Begin PBXBuildFile section */
		2E248FDD284839880004BC73 /* Alert.swift in Sources */ = {isa = PBXBuildFile; fileRef = 2E248FDC284839880004BC73 /* Alert.swift */; };
		2EAD6A852847F8BB009ED6AF /* AppDelegate.swift in Sources */ = {isa = PBXBuildFile; fileRef = 2EAD6A842847F8BB009ED6AF /* AppDelegate.swift */; };
		2EAD6A872847F8BB009ED6AF /* SceneDelegate.swift in Sources */ = {isa = PBXBuildFile; fileRef = 2EAD6A862847F8BB009ED6AF /* SceneDelegate.swift */; };
		2EAD6A8C2847F8BB009ED6AF /* AlbumsView.storyboard in Resources */ = {isa = PBXBuildFile; fileRef = 2EAD6A8A2847F8BB009ED6AF /* AlbumsView.storyboard */; };
		2EAD6A8E2847F8BC009ED6AF /* Assets.xcassets in Resources */ = {isa = PBXBuildFile; fileRef = 2EAD6A8D2847F8BC009ED6AF /* Assets.xcassets */; };
		2EAD6A912847F8BC009ED6AF /* LaunchScreen.storyboard in Resources */ = {isa = PBXBuildFile; fileRef = 2EAD6A8F2847F8BC009ED6AF /* LaunchScreen.storyboard */; };
		2EBD510B2847FE3E003BA187 /* AlbumsViewController.swift in Sources */ = {isa = PBXBuildFile; fileRef = 2EBD510A2847FE3E003BA187 /* AlbumsViewController.swift */; };
		2EBD510D2847FF87003BA187 /* RegViewController.swift in Sources */ = {isa = PBXBuildFile; fileRef = 2EBD510C2847FF87003BA187 /* RegViewController.swift */; };
		2EBD510F2847FF9A003BA187 /* LoginViewController.swift in Sources */ = {isa = PBXBuildFile; fileRef = 2EBD510E2847FF9A003BA187 /* LoginViewController.swift */; };
		2EBD511128481310003BA187 /* UserInfo.swift in Sources */ = {isa = PBXBuildFile; fileRef = 2EBD511028481310003BA187 /* UserInfo.swift */; };
/* End PBXBuildFile section */

/* Begin PBXFileReference section */
		2E248FDC284839880004BC73 /* Alert.swift */ = {isa = PBXFileReference; lastKnownFileType = sourcecode.swift; path = Alert.swift; sourceTree = "<group>"; };
		2EAD6A812847F8BB009ED6AF /* iTunesSearch.app */ = {isa = PBXFileReference; explicitFileType = wrapper.application; includeInIndex = 0; path = iTunesSearch.app; sourceTree = BUILT_PRODUCTS_DIR; };
		2EAD6A842847F8BB009ED6AF /* AppDelegate.swift */ = {isa = PBXFileReference; lastKnownFileType = sourcecode.swift; path = AppDelegate.swift; sourceTree = "<group>"; };
		2EAD6A862847F8BB009ED6AF /* SceneDelegate.swift */ = {isa = PBXFileReference; lastKnownFileType = sourcecode.swift; path = SceneDelegate.swift; sourceTree = "<group>"; };
		2EAD6A8B2847F8BB009ED6AF /* Base */ = {isa = PBXFileReference; lastKnownFileType = file.storyboard; name = Base; path = Base.lproj/AlbumsView.storyboard; sourceTree = "<group>"; };
		2EAD6A8D2847F8BC009ED6AF /* Assets.xcassets */ = {isa = PBXFileReference; lastKnownFileType = folder.assetcatalog; path = Assets.xcassets; sourceTree = "<group>"; };
		2EAD6A902847F8BC009ED6AF /* Base */ = {isa = PBXFileReference; lastKnownFileType = file.storyboard; name = Base; path = Base.lproj/LaunchScreen.storyboard; sourceTree = "<group>"; };
		2EAD6A922847F8BC009ED6AF /* Info.plist */ = {isa = PBXFileReference; lastKnownFileType = text.plist.xml; path = Info.plist; sourceTree = "<group>"; };
		2EBD510A2847FE3E003BA187 /* AlbumsViewController.swift */ = {isa = PBXFileReference; lastKnownFileType = sourcecode.swift; path = AlbumsViewController.swift; sourceTree = "<group>"; };
		2EBD510C2847FF87003BA187 /* RegViewController.swift */ = {isa = PBXFileReference; lastKnownFileType = sourcecode.swift; path = RegViewController.swift; sourceTree = "<group>"; };
		2EBD510E2847FF9A003BA187 /* LoginViewController.swift */ = {isa = PBXFileReference; lastKnownFileType = sourcecode.swift; path = LoginViewController.swift; sourceTree = "<group>"; };
		2EBD511028481310003BA187 /* UserInfo.swift */ = {isa = PBXFileReference; lastKnownFileType = sourcecode.swift; path = UserInfo.swift; sourceTree = "<group>"; };
/* End PBXFileReference section */

/* Begin PBXFrameworksBuildPhase section */
		2EAD6A7E2847F8BB009ED6AF /* Frameworks */ = {
			isa = PBXFrameworksBuildPhase;
			buildActionMask = 2147483647;
			files = (
			);
			runOnlyForDeploymentPostprocessing = 0;
		};
/* End PBXFrameworksBuildPhase section */

/* Begin PBXGroup section */
		2EAD6A782847F8BB009ED6AF = {
			isa = PBXGroup;
			children = (
				2EAD6A832847F8BB009ED6AF /* iTunesSearch */,
				2EAD6A822847F8BB009ED6AF /* Products */,
			);
			sourceTree = "<group>";
		};
		2EAD6A822847F8BB009ED6AF /* Products */ = {
			isa = PBXGroup;
			children = (
				2EAD6A812847F8BB009ED6AF /* iTunesSearch.app */,
			);
			name = Products;
			sourceTree = "<group>";
		};
		2EAD6A832847F8BB009ED6AF /* iTunesSearch */ = {
			isa = PBXGroup;
			children = (
				2EAD6A9C2847F9C8009ED6AF /* Application */,
				2EAD6A992847F8FB009ED6AF /* Models */,
				2EAD6A9B2847F91D009ED6AF /* Views */,
				2EAD6A9A2847F908009ED6AF /* View Controllers */,
				2EAD6A982847F8E2009ED6AF /* Storyboards */,
			);
			path = iTunesSearch;
			sourceTree = "<group>";
		};
		2EAD6A982847F8E2009ED6AF /* Storyboards */ = {
			isa = PBXGroup;
			children = (
				2EAD6A8A2847F8BB009ED6AF /* AlbumsView.storyboard */,
				2EAD6A8F2847F8BC009ED6AF /* LaunchScreen.storyboard */,
			);
			path = Storyboards;
			sourceTree = "<group>";
		};
		2EAD6A992847F8FB009ED6AF /* Models */ = {
			isa = PBXGroup;
			children = (
				2EBD511028481310003BA187 /* UserInfo.swift */,
			);
			path = Models;
			sourceTree = "<group>";
		};
		2EAD6A9A2847F908009ED6AF /* View Controllers */ = {
			isa = PBXGroup;
			children = (
				2EBD510A2847FE3E003BA187 /* AlbumsViewController.swift */,
				2EBD510C2847FF87003BA187 /* RegViewController.swift */,
				2EBD510E2847FF9A003BA187 /* LoginViewController.swift */,
			);
			path = "View Controllers";
			sourceTree = "<group>";
		};
		2EAD6A9B2847F91D009ED6AF /* Views */ = {
			isa = PBXGroup;
			children = (
				2E248FDC284839880004BC73 /* Alert.swift */,
			);
			path = Views;
			sourceTree = "<group>";
		};
		2EAD6A9C2847F9C8009ED6AF /* Application */ = {
			isa = PBXGroup;
			children = (
				2EAD6A842847F8BB009ED6AF /* AppDelegate.swift */,
				2EAD6A862847F8BB009ED6AF /* SceneDelegate.swift */,
				2EAD6A8D2847F8BC009ED6AF /* Assets.xcassets */,
				2EAD6A922847F8BC009ED6AF /* Info.plist */,
			);
			path = Application;
			sourceTree = "<group>";
		};
/* End PBXGroup section */

/* Begin PBXNativeTarget section */
		2EAD6A802847F8BB009ED6AF /* iTunesSearch */ = {
			isa = PBXNativeTarget;
			buildConfigurationList = 2EAD6A952847F8BC009ED6AF /* Build configuration list for PBXNativeTarget "iTunesSearch" */;
			buildPhases = (
				2EAD6A7D2847F8BB009ED6AF /* Sources */,
				2EAD6A7E2847F8BB009ED6AF /* Frameworks */,
				2EAD6A7F2847F8BB009ED6AF /* Resources */,
			);
			buildRules = (
			);
			dependencies = (
			);
			name = iTunesSearch;
			productName = iTunesSearch;
			productReference = 2EAD6A812847F8BB009ED6AF /* iTunesSearch.app */;
			productType = "com.apple.product-type.application";
		};
/* End PBXNativeTarget section */

/* Begin PBXProject section */
		2EAD6A792847F8BB009ED6AF /* Project object */ = {
			isa = PBXProject;
			attributes = {
				BuildIndependentTargetsInParallel = 1;
				LastSwiftUpdateCheck = 1340;
				LastUpgradeCheck = 1340;
				TargetAttributes = {
					2EAD6A802847F8BB009ED6AF = {
						CreatedOnToolsVersion = 13.4;
					};
				};
			};
			buildConfigurationList = 2EAD6A7C2847F8BB009ED6AF /* Build configuration list for PBXProject "iTunesSearch" */;
			compatibilityVersion = "Xcode 13.0";
			developmentRegion = en;
			hasScannedForEncodings = 0;
			knownRegions = (
				en,
				Base,
			);
			mainGroup = 2EAD6A782847F8BB009ED6AF;
			productRefGroup = 2EAD6A822847F8BB009ED6AF /* Products */;
			projectDirPath = "";
			projectRoot = "";
			targets = (
				2EAD6A802847F8BB009ED6AF /* iTunesSearch */,
			);
		};
/* End PBXProject section */

/* Begin PBXResourcesBuildPhase section */
		2EAD6A7F2847F8BB009ED6AF /* Resources */ = {
			isa = PBXResourcesBuildPhase;
			buildActionMask = 2147483647;
			files = (
				2EAD6A912847F8BC009ED6AF /* LaunchScreen.storyboard in Resources */,
				2EAD6A8E2847F8BC009ED6AF /* Assets.xcassets in Resources */,
				2EAD6A8C2847F8BB009ED6AF /* AlbumsView.storyboard in Resources */,
			);
			runOnlyForDeploymentPostprocessing = 0;
		};
/* End PBXResourcesBuildPhase section */

/* Begin PBXSourcesBuildPhase section */
		2EAD6A7D2847F8BB009ED6AF /* Sources */ = {
			isa = PBXSourcesBuildPhase;
			buildActionMask = 2147483647;
			files = (
				2EAD6A852847F8BB009ED6AF /* AppDelegate.swift in Sources */,
				2EAD6A872847F8BB009ED6AF /* SceneDelegate.swift in Sources */,
				2EBD510B2847FE3E003BA187 /* AlbumsViewController.swift in Sources */,
				2EBD510F2847FF9A003BA187 /* LoginViewController.swift in Sources */,
				2EBD511128481310003BA187 /* UserInfo.swift in Sources */,
				2EBD510D2847FF87003BA187 /* RegViewController.swift in Sources */,
				2E248FDD284839880004BC73 /* Alert.swift in Sources */,
			);
			runOnlyForDeploymentPostprocessing = 0;
		};
/* End PBXSourcesBuildPhase section */

/* Begin PBXVariantGroup section */
		2EAD6A8A2847F8BB009ED6AF /* AlbumsView.storyboard */ = {
			isa = PBXVariantGroup;
			children = (
				2EAD6A8B2847F8BB009ED6AF /* Base */,
			);
			name = AlbumsView.storyboard;
			sourceTree = "<group>";
		};
		2EAD6A8F2847F8BC009ED6AF /* LaunchScreen.storyboard */ = {
			isa = PBXVariantGroup;
			children = (
				2EAD6A902847F8BC009ED6AF /* Base */,
			);
			name = LaunchScreen.storyboard;
			sourceTree = "<group>";
		};
/* End PBXVariantGroup section */

/* Begin XCBuildConfiguration section */
		2EAD6A932847F8BC009ED6AF /* Debug */ = {
			isa = XCBuildConfiguration;
			buildSettings = {
				ALWAYS_SEARCH_USER_PATHS = NO;
				CLANG_ANALYZER_NONNULL = YES;
				CLANG_ANALYZER_NUMBER_OBJECT_CONVERSION = YES_AGGRESSIVE;
				CLANG_CXX_LANGUAGE_STANDARD = "gnu++17";
				CLANG_ENABLE_MODULES = YES;
				CLANG_ENABLE_OBJC_ARC = YES;
				CLANG_ENABLE_OBJC_WEAK = YES;
				CLANG_WARN_BLOCK_CAPTURE_AUTORELEASING = YES;
				CLANG_WARN_BOOL_CONVERSION = YES;
				CLANG_WARN_COMMA = YES;
				CLANG_WARN_CONSTANT_CONVERSION = YES;
				CLANG_WARN_DEPRECATED_OBJC_IMPLEMENTATIONS = YES;
				CLANG_WARN_DIRECT_OBJC_ISA_USAGE = YES_ERROR;
				CLANG_WARN_DOCUMENTATION_COMMENTS = YES;
				CLANG_WARN_EMPTY_BODY = YES;
				CLANG_WARN_ENUM_CONVERSION = YES;
				CLANG_WARN_INFINITE_RECURSION = YES;
				CLANG_WARN_INT_CONVERSION = YES;
				CLANG_WARN_NON_LITERAL_NULL_CONVERSION = YES;
				CLANG_WARN_OBJC_IMPLICIT_RETAIN_SELF = YES;
				CLANG_WARN_OBJC_LITERAL_CONVERSION = YES;
				CLANG_WARN_OBJC_ROOT_CLASS = YES_ERROR;
				CLANG_WARN_QUOTED_INCLUDE_IN_FRAMEWORK_HEADER = YES;
				CLANG_WARN_RANGE_LOOP_ANALYSIS = YES;
				CLANG_WARN_STRICT_PROTOTYPES = YES;
				CLANG_WARN_SUSPICIOUS_MOVE = YES;
				CLANG_WARN_UNGUARDED_AVAILABILITY = YES_AGGRESSIVE;
				CLANG_WARN_UNREACHABLE_CODE = YES;
				CLANG_WARN__DUPLICATE_METHOD_MATCH = YES;
				COPY_PHASE_STRIP = NO;
				DEBUG_INFORMATION_FORMAT = dwarf;
				ENABLE_STRICT_OBJC_MSGSEND = YES;
				ENABLE_TESTABILITY = YES;
				GCC_C_LANGUAGE_STANDARD = gnu11;
				GCC_DYNAMIC_NO_PIC = NO;
				GCC_NO_COMMON_BLOCKS = YES;
				GCC_OPTIMIZATION_LEVEL = 0;
				GCC_PREPROCESSOR_DEFINITIONS = (
					"DEBUG=1",
					"$(inherited)",
				);
				GCC_WARN_64_TO_32_BIT_CONVERSION = YES;
				GCC_WARN_ABOUT_RETURN_TYPE = YES_ERROR;
				GCC_WARN_UNDECLARED_SELECTOR = YES;
				GCC_WARN_UNINITIALIZED_AUTOS = YES_AGGRESSIVE;
				GCC_WARN_UNUSED_FUNCTION = YES;
				GCC_WARN_UNUSED_VARIABLE = YES;
				IPHONEOS_DEPLOYMENT_TARGET = 15.5;
				MTL_ENABLE_DEBUG_INFO = INCLUDE_SOURCE;
				MTL_FAST_MATH = YES;
				ONLY_ACTIVE_ARCH = YES;
				SDKROOT = iphoneos;
				SWIFT_ACTIVE_COMPILATION_CONDITIONS = DEBUG;
				SWIFT_OPTIMIZATION_LEVEL = "-Onone";
			};
			name = Debug;
		};
		2EAD6A942847F8BC009ED6AF /* Release */ = {
			isa = XCBuildConfiguration;
			buildSettings = {
				ALWAYS_SEARCH_USER_PATHS = NO;
				CLANG_ANALYZER_NONNULL = YES;
				CLANG_ANALYZER_NUMBER_OBJECT_CONVERSION = YES_AGGRESSIVE;
				CLANG_CXX_LANGUAGE_STANDARD = "gnu++17";
				CLANG_ENABLE_MODULES = YES;
				CLANG_ENABLE_OBJC_ARC = YES;
				CLANG_ENABLE_OBJC_WEAK = YES;
				CLANG_WARN_BLOCK_CAPTURE_AUTORELEASING = YES;
				CLANG_WARN_BOOL_CONVERSION = YES;
				CLANG_WARN_COMMA = YES;
				CLANG_WARN_CONSTANT_CONVERSION = YES;
				CLANG_WARN_DEPRECATED_OBJC_IMPLEMENTATIONS = YES;
				CLANG_WARN_DIRECT_OBJC_ISA_USAGE = YES_ERROR;
				CLANG_WARN_DOCUMENTATION_COMMENTS = YES;
				CLANG_WARN_EMPTY_BODY = YES;
				CLANG_WARN_ENUM_CONVERSION = YES;
				CLANG_WARN_INFINITE_RECURSION = YES;
				CLANG_WARN_INT_CONVERSION = YES;
				CLANG_WARN_NON_LITERAL_NULL_CONVERSION = YES;
				CLANG_WARN_OBJC_IMPLICIT_RETAIN_SELF = YES;
				CLANG_WARN_OBJC_LITERAL_CONVERSION = YES;
				CLANG_WARN_OBJC_ROOT_CLASS = YES_ERROR;
				CLANG_WARN_QUOTED_INCLUDE_IN_FRAMEWORK_HEADER = YES;
				CLANG_WARN_RANGE_LOOP_ANALYSIS = YES;
				CLANG_WARN_STRICT_PROTOTYPES = YES;
				CLANG_WARN_SUSPICIOUS_MOVE = YES;
				CLANG_WARN_UNGUARDED_AVAILABILITY = YES_AGGRESSIVE;
				CLANG_WARN_UNREACHABLE_CODE = YES;
				CLANG_WARN__DUPLICATE_METHOD_MATCH = YES;
				COPY_PHASE_STRIP = NO;
				DEBUG_INFORMATION_FORMAT = "dwarf-with-dsym";
				ENABLE_NS_ASSERTIONS = NO;
				ENABLE_STRICT_OBJC_MSGSEND = YES;
				GCC_C_LANGUAGE_STANDARD = gnu11;
				GCC_NO_COMMON_BLOCKS = YES;
				GCC_WARN_64_TO_32_BIT_CONVERSION = YES;
				GCC_WARN_ABOUT_RETURN_TYPE = YES_ERROR;
				GCC_WARN_UNDECLARED_SELECTOR = YES;
				GCC_WARN_UNINITIALIZED_AUTOS = YES_AGGRESSIVE;
				GCC_WARN_UNUSED_FUNCTION = YES;
				GCC_WARN_UNUSED_VARIABLE = YES;
				IPHONEOS_DEPLOYMENT_TARGET = 15.5;
				MTL_ENABLE_DEBUG_INFO = NO;
				MTL_FAST_MATH = YES;
				SDKROOT = iphoneos;
				SWIFT_COMPILATION_MODE = wholemodule;
				SWIFT_OPTIMIZATION_LEVEL = "-O";
				VALIDATE_PRODUCT = YES;
			};
			name = Release;
		};
		2EAD6A962847F8BC009ED6AF /* Debug */ = {
			isa = XCBuildConfiguration;
			buildSettings = {
				ASSETCATALOG_COMPILER_APPICON_NAME = AppIcon;
				ASSETCATALOG_COMPILER_GLOBAL_ACCENT_COLOR_NAME = AccentColor;
				CODE_SIGN_STYLE = Automatic;
				CURRENT_PROJECT_VERSION = 1;
				DEVELOPMENT_TEAM = 938WA488KM;
				GENERATE_INFOPLIST_FILE = YES;
				INFOPLIST_FILE = iTunesSearch/Application/Info.plist;
				INFOPLIST_KEY_UIApplicationSupportsIndirectInputEvents = YES;
				INFOPLIST_KEY_UILaunchStoryboardName = LaunchScreen;
				INFOPLIST_KEY_UIMainStoryboardFile = AlbumsView;
				INFOPLIST_KEY_UISupportedInterfaceOrientations = UIInterfaceOrientationPortrait;
				INFOPLIST_KEY_UISupportedInterfaceOrientations_iPad = "UIInterfaceOrientationPortrait UIInterfaceOrientationPortraitUpsideDown UIInterfaceOrientationLandscapeLeft UIInterfaceOrientationLandscapeRight";
				INFOPLIST_KEY_UISupportedInterfaceOrientations_iPhone = "UIInterfaceOrientationPortrait UIInterfaceOrientationLandscapeLeft UIInterfaceOrientationLandscapeRight";
				IPHONEOS_DEPLOYMENT_TARGET = 14.0;
				LD_RUNPATH_SEARCH_PATHS = (
					"$(inherited)",
					"@executable_path/Frameworks",
				);
				MARKETING_VERSION = 1.0;
				PRODUCT_BUNDLE_IDENTIFIER = k.v.hrist.iTunesSearch;
				PRODUCT_NAME = "$(TARGET_NAME)";
				SWIFT_EMIT_LOC_STRINGS = YES;
				SWIFT_VERSION = 5.0;
				TARGETED_DEVICE_FAMILY = 1;
			};
			name = Debug;
		};
		2EAD6A972847F8BC009ED6AF /* Release */ = {
			isa = XCBuildConfiguration;
			buildSettings = {
				ASSETCATALOG_COMPILER_APPICON_NAME = AppIcon;
				ASSETCATALOG_COMPILER_GLOBAL_ACCENT_COLOR_NAME = AccentColor;
				CODE_SIGN_STYLE = Automatic;
				CURRENT_PROJECT_VERSION = 1;
				DEVELOPMENT_TEAM = 938WA488KM;
				GENERATE_INFOPLIST_FILE = YES;
				INFOPLIST_FILE = iTunesSearch/Application/Info.plist;
				INFOPLIST_KEY_UIApplicationSupportsIndirectInputEvents = YES;
				INFOPLIST_KEY_UILaunchStoryboardName = LaunchScreen;
				INFOPLIST_KEY_UIMainStoryboardFile = AlbumsView;
				INFOPLIST_KEY_UISupportedInterfaceOrientations = UIInterfaceOrientationPortrait;
				INFOPLIST_KEY_UISupportedInterfaceOrientations_iPad = "UIInterfaceOrientationPortrait UIInterfaceOrientationPortraitUpsideDown UIInterfaceOrientationLandscapeLeft UIInterfaceOrientationLandscapeRight";
				INFOPLIST_KEY_UISupportedInterfaceOrientations_iPhone = "UIInterfaceOrientationPortrait UIInterfaceOrientationLandscapeLeft UIInterfaceOrientationLandscapeRight";
				IPHONEOS_DEPLOYMENT_TARGET = 14.0;
				LD_RUNPATH_SEARCH_PATHS = (
					"$(inherited)",
					"@executable_path/Frameworks",
				);
				MARKETING_VERSION = 1.0;
				PRODUCT_BUNDLE_IDENTIFIER = k.v.hrist.iTunesSearch;
				PRODUCT_NAME = "$(TARGET_NAME)";
				SWIFT_EMIT_LOC_STRINGS = YES;
				SWIFT_VERSION = 5.0;
				TARGETED_DEVICE_FAMILY = 1;
			};
			name = Release;
		};
/* End XCBuildConfiguration section */

/* Begin XCConfigurationList section */
		2EAD6A7C2847F8BB009ED6AF /* Build configuration list for PBXProject "iTunesSearch" */ = {
			isa = XCConfigurationList;
			buildConfigurations = (
				2EAD6A932847F8BC009ED6AF /* Debug */,
				2EAD6A942847F8BC009ED6AF /* Release */,
			);
			defaultConfigurationIsVisible = 0;
			defaultConfigurationName = Release;
		};
		2EAD6A952847F8BC009ED6AF /* Build configuration list for PBXNativeTarget "iTunesSearch" */ = {
			isa = XCConfigurationList;
			buildConfigurations = (
				2EAD6A962847F8BC009ED6AF /* Debug */,
				2EAD6A972847F8BC009ED6AF /* Release */,
			);
			defaultConfigurationIsVisible = 0;
			defaultConfigurationName = Release;
		};
/* End XCConfigurationList section */
	};
	rootObject = 2EAD6A792847F8BB009ED6AF /* Project object */;
}
